<?xml version="1.0" encoding="utf-8"?>
<Project ToolsVersion="4.0" xmlns="http://schemas.microsoft.com/developer/msbuild/2003">
  <ItemGroup>
    <Filter Include="Source Files">
      <UniqueIdentifier>{4FC737F1-C7A5-4376-A066-2A32D752A2FF}</UniqueIdentifier>
      <Extensions>cpp;c;cc;cxx;c++;cppm;ixx;def;odl;idl;hpj;bat;asm;asmx</Extensions>
    </Filter>
    <Filter Include="Header Files">
      <UniqueIdentifier>{93995380-89BD-4b04-88EB-625FBE52EBFB}</UniqueIdentifier>
      <Extensions>h;hh;hpp;hxx;h++;hm;inl;inc;ipp;xsd</Extensions>
    </Filter>
    <Filter Include="Resource Files">
      <UniqueIdentifier>{67DA6AB6-F800-4c08-8B7A-83BB121AAD01}</UniqueIdentifier>
      <Extensions>rc;ico;cur;bmp;dlg;rc2;rct;bin;rgs;gif;jpg;jpeg;jpe;resx;tiff;tif;png;wav;mfcribbon-ms</Extensions>
    </Filter>
  </ItemGroup>
  <ItemGroup>
    <ClCompile Include="dllmain.cpp">
      <Filter>Source Files</Filter>
    </ClCompile>
    <ClCompile Include="services\PathHelper.cpp">
      <Filter>Source Files</Filter>
    </ClCompile>
    <ClCompile Include="services\KieroUI.cpp">
      <Filter>Source Files</Filter>
    </ClCompile>
    <ClCompile Include="services\Build\SinglePaintFace.cpp">
      <Filter>Source Files</Filter>
    </ClCompile>
    <ClCompile Include="services\Build\NoLimit.cpp">
      <Filter>Source Files</Filter>
    </ClCompile>
    <ClCompile Include="UI\MainUI.cpp">
      <Filter>Source Files</Filter>
    </ClCompile>
    <ClCompile Include="services\Build\BlueModeTool.cpp">
      <Filter>Source Files</Filter>
    </ClCompile>
    <ClCompile Include="services\LoggerService.cpp">
      <Filter>Source Files</Filter>
    </ClCompile>
    <ClCompile Include="services\Build\DestructiblesUnlock.cpp">
      <Filter>Source Files</Filter>
    </ClCompile>
    <ClCompile Include="services\Build\CustomGrid.cpp">
      <Filter>Source Files</Filter>
    </ClCompile>
    <ClCompile Include="services\Build\EditModeSpeed.cpp">
      <Filter>Source Files</Filter>
    </ClCompile>
    <ClCompile Include="services\Build\RotationStep.cpp">
      <Filter>Source Files</Filter>
    </ClCompile>
    <ClCompile Include="services\Build\UnlimitedConfig.cpp">
      <Filter>Source Files</Filter>
    </ClCompile>
    <ClCompile Include="services\Common\MainComponent.cpp">
      <Filter>Source Files</Filter>
    </ClCompile>
    <ClCompile Include="services\PvP\AntiAfk.cpp">
      <Filter>Source Files</Filter>
    </ClCompile>
    <ClCompile Include="services\PvP\CustomCrossHairColor.cpp">
      <Filter>Source Files</Filter>
    </ClCompile>
    <ClCompile Include="services\PvP\FastRespawn.cpp">
      <Filter>Source Files</Filter>
    </ClCompile>
    <ClCompile Include="services\PvP\CustomCrossHairTexture.cpp">
      <Filter>Source Files</Filter>
    </ClCompile>
  </ItemGroup>
  <ItemGroup>
    <ClInclude Include="services\PathHelper.h">
      <Filter>Header Files</Filter>
    </ClInclude>
    <ClInclude Include="services\KieroUI.h">
      <Filter>Header Files</Filter>
    </ClInclude>
    <ClInclude Include="services\Build\SinglePaintFace.h">
      <Filter>Header Files</Filter>
    </ClInclude>
    <ClInclude Include="services\Build\NoLimit.h">
      <Filter>Header Files</Filter>
    </ClInclude>
    <ClInclude Include="UI\MainUI.h">
      <Filter>Header Files</Filter>
    </ClInclude>
    <ClInclude Include="services\services.h">
      <Filter>Header Files</Filter>
    </ClInclude>
    <ClInclude Include="services\Build\BlueModeTool.h">
      <Filter>Header Files</Filter>
    </ClInclude>
    <ClInclude Include="services\LoggerService.h">
      <Filter>Header Files</Filter>
    </ClInclude>
    <ClInclude Include="services\Build\DestructiblesUnlock.h">
      <Filter>Header Files</Filter>
    </ClInclude>
    <ClInclude Include="services\Build\CustomGrid.h">
      <Filter>Header Files</Filter>
    </ClInclude>
    <ClInclude Include="services\Build\EditModeSpeed.h">
      <Filter>Header Files</Filter>
    </ClInclude>
    <ClInclude Include="services\Build\RotationStep.h">
      <Filter>Header Files</Filter>
    </ClInclude>
    <ClInclude Include="services\Build\UnlimitedConfig.h">
      <Filter>Header Files</Filter>
    </ClInclude>
    <ClInclude Include="services\PvP\AntiAfk.h">
      <Filter>Header Files</Filter>
    </ClInclude>
    <ClInclude Include="services\Common\MainComponent.h">
      <Filter>Header Files</Filter>
    </ClInclude>
    <ClInclude Include="services\PvP\CustomCrossHairColor.h">
      <Filter>Header Files</Filter>
    </ClInclude>
    <ClInclude Include="Types\Vector4.h">
      <Filter>Header Files</Filter>
    </ClInclude>
    <ClInclude Include="services\PvP\FastRespawn.h">
      <Filter>Header Files</Filter>
    </ClInclude>
    <ClInclude Include="services\PvP\CustomCrossHairTexture.h">
      <Filter>Header Files</Filter>
    </ClInclude>
  </ItemGroup>
</Project>