<?xml version="1.0" encoding="utf-8"?>
<Project ToolsVersion="4.0" xmlns="http://schemas.microsoft.com/developer/msbuild/2003">
  <ItemGroup>
    <Filter Include="Source Files">
      <UniqueIdentifier>{4FC737F1-C7A5-4376-A066-2A32D752A2FF}</UniqueIdentifier>
      <Extensions>cpp;c;cc;cxx;c++;cppm;ixx;def;odl;idl;hpj;bat;asm;asmx</Extensions>
    </Filter>
    <Filter Include="Header Files">
      <UniqueIdentifier>{93995380-89BD-4b04-88EB-625FBE52EBFB}</UniqueIdentifier>
      <Extensions>h;hh;hpp;hxx;h++;hm;inl;inc;ipp;xsd</Extensions>
    </Filter>
    <Filter Include="Resource Files">
      <UniqueIdentifier>{67DA6AB6-F800-4c08-8B7A-83BB121AAD01}</UniqueIdentifier>
      <Extensions>rc;ico;cur;bmp;dlg;rc2;rct;bin;rgs;gif;jpg;jpeg;jpe;resx;tiff;tif;png;wav;mfcribbon-ms</Extensions>
    </Filter>
  </ItemGroup>
  <ItemGroup>
    <ClCompile Include="dllmain.cpp">
      <Filter>Source Files</Filter>
    </ClCompile>
    <ClCompile Include="kogama-tools\services\KieroUI.cpp">
      <Filter>Source Files</Filter>
    </ClCompile>
    <ClCompile Include="kogama-tools\services\Build\SinglePaintFace.cpp">
      <Filter>Source Files</Filter>
    </ClCompile>
    <ClCompile Include="kogama-tools\services\Build\NoLimit.cpp">
      <Filter>Source Files</Filter>
    </ClCompile>
    <ClCompile Include="kogama-tools\UI\MainUI.cpp">
      <Filter>Source Files</Filter>
    </ClCompile>
    <ClCompile Include="kogama-tools\services\Build\BlueModeTool.cpp">
      <Filter>Source Files</Filter>
    </ClCompile>
    <ClCompile Include="kogama-tools\services\LoggerService.cpp">
      <Filter>Source Files</Filter>
    </ClCompile>
    <ClCompile Include="kogama-tools\services\Build\DestructiblesUnlock.cpp">
      <Filter>Source Files</Filter>
    </ClCompile>
    <ClCompile Include="kogama-tools\services\Build\CustomGrid.cpp">
      <Filter>Source Files</Filter>
    </ClCompile>
    <ClCompile Include="kogama-tools\services\Build\EditModeSpeed.cpp">
      <Filter>Source Files</Filter>
    </ClCompile>
    <ClCompile Include="kogama-tools\services\Build\RotationService.cpp">
      <Filter>Source Files</Filter>
    </ClCompile>
    <ClCompile Include="kogama-tools\services\Build\UnlimitedConfig.cpp">
      <Filter>Source Files</Filter>
    </ClCompile>
    <ClCompile Include="kogama-tools\services\Common\MainComponent.cpp">
      <Filter>Source Files</Filter>
    </ClCompile>
    <ClCompile Include="kogama-tools\services\PvP\AntiAfk.cpp">
      <Filter>Source Files</Filter>
    </ClCompile>
    <ClCompile Include="kogama-tools\services\PvP\CustomCrossHairColor.cpp">
      <Filter>Source Files</Filter>
    </ClCompile>
    <ClCompile Include="kogama-tools\services\PvP\FastRespawn.cpp">
      <Filter>Source Files</Filter>
    </ClCompile>
    <ClCompile Include="kogama-tools\services\PvP\CustomCrossHairTexture.cpp">
      <Filter>Source Files</Filter>
    </ClCompile>
    <ClCompile Include="kogama-tools\services\Common\ConfigService.cpp">
      <Filter>Source Files</Filter>
    </ClCompile>
    <ClCompile Include="kogama-tools\Core\DITools.cpp">
      <Filter>Source Files</Filter>
    </ClCompile>
    <ClCompile Include="kogama-tools\services\Common\TextCommandService.cpp">
      <Filter>Source Files</Filter>
    </ClCompile>
    <ClCompile Include="kogama-tools\services\Info\GameInfoService.cpp">
      <Filter>Source Files</Filter>
    </ClCompile>
    <ClCompile Include="kogama-tools\Helpers\StringExtensions.cpp">
      <Filter>Source Files</Filter>
    </ClCompile>
    <ClCompile Include="kogama-tools\services\Common\ContextMenuService.cpp">
      <Filter>Source Files</Filter>
    </ClCompile>
    <ClCompile Include="kogama-tools\Helpers\DelegateUtils.cpp">
      <Filter>Source Files</Filter>
    </ClCompile>
    <ClCompile Include="kogama-tools\services\Build\ModelModule\CopyModel.cpp">
      <Filter>Source Files</Filter>
    </ClCompile>
    <ClCompile Include="kogama-tools\services\Build\ModelModule\CubeInfo.cpp">
      <Filter>Source Files</Filter>
    </ClCompile>
    <ClCompile Include="kogama-tools\Types\IntVector.cpp">
      <Filter>Source Files</Filter>
    </ClCompile>
    <ClCompile Include="kogama-tools\services\Build\ModelModule\module.cpp">
      <Filter>Source Files</Filter>
    </ClCompile>
    <ClCompile Include="kogama-tools\services\Build\ModelModule\PasteModel.cpp">
      <Filter>Source Files</Filter>
    </ClCompile>
    <ClCompile Include="kogama-tools\services\Build\ModelModule\ModelService.cpp">
      <Filter>Source Files</Filter>
    </ClCompile>
    <ClCompile Include="kogama-tools\services\Build\ModelModule\ModelUtils.cpp">
      <Filter>Source Files</Filter>
    </ClCompile>
    <ClCompile Include="kogama-tools\services\Common\HookingService.cpp">
      <Filter>Source Files</Filter>
    </ClCompile>
    <ClCompile Include="kogama-tools\Helpers\HookHelper.cpp">
      <Filter>Source Files</Filter>
    </ClCompile>
    <ClCompile Include="kogama-tools\services\PvP\ResolutionService.cpp">
      <Filter>Source Files</Filter>
    </ClCompile>
    <ClCompile Include="kogama-tools\services\PvP\CameraService.cpp">
      <Filter>Source Files</Filter>
    </ClCompile>
    <ClCompile Include="kogama-tools\UI\DX11TextureManager.cpp">
      <Filter>Source Files</Filter>
    </ClCompile>
    <ClCompile Include="kogama-tools\UI\ITextureManager.cpp">
      <Filter>Source Files</Filter>
    </ClCompile>
    <ClCompile Include="kogama-tools\UI\IFontManager.cpp">
      <Filter>Source Files</Filter>
    </ClCompile>
    <ClCompile Include="kogama-tools\UI\DX11FontManager.cpp">
      <Filter>Source Files</Filter>
    </ClCompile>
    <ClCompile Include="kogama-tools\services\PvP\KillCountService.cpp">
      <Filter>Source Files</Filter>
    </ClCompile>
    <ClCompile Include="kogama-tools\services\Graphics\ThemeService.cpp">
      <Filter>Source Files</Filter>
    </ClCompile>
    <ClCompile Include="kogama-tools\services\Graphics\ThemeUtils.cpp">
      <Filter>Source Files</Filter>
    </ClCompile>
    <ClCompile Include="kogama-tools\services\Graphics\FogService.cpp">
      <Filter>Source Files</Filter>
    </ClCompile>
    <ClCompile Include="kogama-tools\services\Graphics\LogicRenderService.cpp">
      <Filter>Source Files</Filter>
    </ClCompile>
    <ClCompile Include="kogama-tools\services\Graphics\MessageReceiveService.cpp">
      <Filter>Source Files</Filter>
    </ClCompile>
    <ClCompile Include="kogama-tools\UI\Tabs\BuildUITab.cpp">
      <Filter>Source Files</Filter>
    </ClCompile>
    <ClCompile Include="kogama-tools\UI\Tabs\PvPUITab.cpp">
      <Filter>Source Files</Filter>
    </ClCompile>
    <ClCompile Include="kogama-tools\UI\Tabs\InfoUITab.cpp">
      <Filter>Source Files</Filter>
    </ClCompile>
    <ClCompile Include="kogama-tools\UI\Tabs\ConfigUITab.cpp">
      <Filter>Source Files</Filter>
    </ClCompile>
    <ClCompile Include="kogama-tools\UI\Tabs\UI_UITab.cpp">
      <Filter>Source Files</Filter>
    </ClCompile>
    <ClCompile Include="kogama-tools\services\Build\ModelModule\CustomModelScale.cpp">
      <Filter>Source Files</Filter>
    </ClCompile>
    <ClCompile Include="kogama-tools\services\IO\WindowsFileService.cpp">
      <Filter>Source Files</Filter>
    </ClCompile>
    <ClCompile Include="kogama-tools\services\IO\IKoGaMaEnvironment.cpp">
      <Filter>Source Files</Filter>
    </ClCompile>
    <ClCompile Include="kogama-tools\services\IO\KoGaMaEnvironmentWindows.cpp">
      <Filter>Source Files</Filter>
    </ClCompile>
    <ClCompile Include="kogama-tools\services\AppBootstrapper.cpp">
      <Filter>Source Files</Filter>
    </ClCompile>
    <ClCompile Include="kogama-tools\services\Build\AvatarModule\AvatarUtils.cpp">
      <Filter>Source Files</Filter>
    </ClCompile>
    <ClCompile Include="kogama-tools\services\Build\AvatarModule\AvatarService.cpp">
      <Filter>Source Files</Filter>
    </ClCompile>
    <ClCompile Include="kogama-tools\services\Build\AvatarModule\AvatarInfo.cpp">
      <Filter>Source Files</Filter>
    </ClCompile>
    <ClCompile Include="kogama-tools\services\Common\AntiBanService.cpp">
      <Filter>Source Files</Filter>
    </ClCompile>
  </ItemGroup>
  <ItemGroup>
    <ClInclude Include="kogama-tools\services\KieroUI.h">
      <Filter>Header Files</Filter>
    </ClInclude>
    <ClInclude Include="kogama-tools\services\Build\SinglePaintFace.h">
      <Filter>Header Files</Filter>
    </ClInclude>
    <ClInclude Include="kogama-tools\services\Build\NoLimit.h">
      <Filter>Header Files</Filter>
    </ClInclude>
    <ClInclude Include="kogama-tools\UI\MainUI.h">
      <Filter>Header Files</Filter>
    </ClInclude>
    <ClInclude Include="kogama-tools\services\services.h">
      <Filter>Header Files</Filter>
    </ClInclude>
    <ClInclude Include="kogama-tools\services\Build\BlueModeTool.h">
      <Filter>Header Files</Filter>
    </ClInclude>
    <ClInclude Include="kogama-tools\services\LoggerService.h">
      <Filter>Header Files</Filter>
    </ClInclude>
    <ClInclude Include="kogama-tools\services\Build\DestructiblesUnlock.h">
      <Filter>Header Files</Filter>
    </ClInclude>
    <ClInclude Include="kogama-tools\services\Build\CustomGrid.h">
      <Filter>Header Files</Filter>
    </ClInclude>
    <ClInclude Include="kogama-tools\services\Build\EditModeSpeed.h">
      <Filter>Header Files</Filter>
    </ClInclude>
    <ClInclude Include="kogama-tools\services\Build\RotationService.h">
      <Filter>Header Files</Filter>
    </ClInclude>
    <ClInclude Include="kogama-tools\services\Build\UnlimitedConfig.h">
      <Filter>Header Files</Filter>
    </ClInclude>
    <ClInclude Include="kogama-tools\services\PvP\AntiAfk.h">
      <Filter>Header Files</Filter>
    </ClInclude>
    <ClInclude Include="kogama-tools\services\Common\MainComponent.h">
      <Filter>Header Files</Filter>
    </ClInclude>
    <ClInclude Include="kogama-tools\services\PvP\CustomCrossHairColor.h">
      <Filter>Header Files</Filter>
    </ClInclude>
    <ClInclude Include="kogama-tools\Types\Vector4.h">
      <Filter>Header Files</Filter>
    </ClInclude>
    <ClInclude Include="kogama-tools\services\PvP\FastRespawn.h">
      <Filter>Header Files</Filter>
    </ClInclude>
    <ClInclude Include="kogama-tools\services\PvP\CustomCrossHairTexture.h">
      <Filter>Header Files</Filter>
    </ClInclude>
    <ClInclude Include="kogama-tools\services\Common\ConfigService.h">
      <Filter>Header Files</Filter>
    </ClInclude>
    <ClInclude Include="kogama-tools\Core\DITools.h">
      <Filter>Header Files</Filter>
    </ClInclude>
    <ClInclude Include="kogama-tools\Types\Vector3.h">
      <Filter>Header Files</Filter>
    </ClInclude>
    <ClInclude Include="kogama-tools\Types\Quaternion.h">
      <Filter>Header Files</Filter>
    </ClInclude>
    <ClInclude Include="kogama-tools\services\Common\TextCommandService.h">
      <Filter>Header Files</Filter>
    </ClInclude>
    <ClInclude Include="kogama-tools\services\Info\GameInfoService.h">
      <Filter>Header Files</Filter>
    </ClInclude>
    <ClInclude Include="kogama-tools\Helpers\StringExtensions.h">
      <Filter>Header Files</Filter>
    </ClInclude>
    <ClInclude Include="kogama-tools\services\Common\ContextMenuService.h">
      <Filter>Header Files</Filter>
    </ClInclude>
    <ClInclude Include="kogama-tools\Helpers\DelegateUtils.h">
      <Filter>Header Files</Filter>
    </ClInclude>
    <ClInclude Include="kogama-tools\services\Build\ModelModule\CopyModel.h">
      <Filter>Header Files</Filter>
    </ClInclude>
    <ClInclude Include="kogama-tools\services\Build\ModelModule\CubeInfo.h">
      <Filter>Header Files</Filter>
    </ClInclude>
    <ClInclude Include="kogama-tools\Types\IntVector.h">
      <Filter>Header Files</Filter>
    </ClInclude>
    <ClInclude Include="kogama-tools\services\Build\ModelModule\module.h">
      <Filter>Header Files</Filter>
    </ClInclude>
    <ClInclude Include="kogama-tools\services\Build\ModelModule\PasteModel.h">
      <Filter>Header Files</Filter>
    </ClInclude>
    <ClInclude Include="kogama-tools\Helpers\TypeParameters.h">
      <Filter>Header Files</Filter>
    </ClInclude>
    <ClInclude Include="kogama-tools\services\Build\ModelModule\ModelService.h">
      <Filter>Header Files</Filter>
    </ClInclude>
    <ClInclude Include="kogama-tools\services\Build\ModelModule\ModelUtils.h">
      <Filter>Header Files</Filter>
    </ClInclude>
    <ClInclude Include="kogama-tools\services\Common\HookingService.h">
      <Filter>Header Files</Filter>
    </ClInclude>
    <ClInclude Include="kogama-tools\Helpers\HookHelper.h">
      <Filter>Header Files</Filter>
    </ClInclude>
    <ClInclude Include="kogama-tools\services\PvP\ResolutionService.h">
      <Filter>Header Files</Filter>
    </ClInclude>
    <ClInclude Include="kogama-tools\services\Common\CameraService.h">
      <Filter>Header Files</Filter>
    </ClInclude>
    <ClInclude Include="kogama-tools\services\PvP\CameraService.h">
      <Filter>Header Files</Filter>
    </ClInclude>
    <ClInclude Include="kogama-tools\UI\ITextureManager.h">
      <Filter>Header Files</Filter>
    </ClInclude>
    <ClInclude Include="kogama-tools\UI\DX11TextureManager.h">
      <Filter>Header Files</Filter>
    </ClInclude>
    <ClInclude Include="kogama-tools\Resources\resource.h">
      <Filter>Header Files</Filter>
    </ClInclude>
    <ClInclude Include="kogama-tools\UI\IFontManager.h">
      <Filter>Header Files</Filter>
    </ClInclude>
    <ClInclude Include="kogama-tools\UI\DX11FontManager.h">
      <Filter>Header Files</Filter>
    </ClInclude>
    <ClInclude Include="kogama-tools\services\PvP\KillCountService.h">
      <Filter>Header Files</Filter>
    </ClInclude>
    <ClInclude Include="kogama-tools\services\Graphics\ThemeService.h">
      <Filter>Header Files</Filter>
    </ClInclude>
    <ClInclude Include="kogama-tools\services\Graphics\ThemeUtils.h">
      <Filter>Header Files</Filter>
    </ClInclude>
    <ClInclude Include="kogama-tools\services\Graphics\FogService.h">
      <Filter>Header Files</Filter>
    </ClInclude>
    <ClInclude Include="kogama-tools\services\Graphics\LogicRenderService.h">
      <Filter>Header Files</Filter>
    </ClInclude>
    <ClInclude Include="kogama-tools\services\Graphics\MessageReceiveService.h">
      <Filter>Header Files</Filter>
    </ClInclude>
    <ClInclude Include="kogama-tools\UI\IUIGroupService.h">
      <Filter>Header Files</Filter>
    </ClInclude>
    <ClInclude Include="kogama-tools\UI\Tabs\BuildUITab.h">
      <Filter>Header Files</Filter>
    </ClInclude>
    <ClInclude Include="kogama-tools\UI\Tabs\PvPUITab.h">
      <Filter>Header Files</Filter>
    </ClInclude>
    <ClInclude Include="kogama-tools\UI\Tabs\InfoUITab.h">
      <Filter>Header Files</Filter>
    </ClInclude>
    <ClInclude Include="kogama-tools\UI\Tabs\ConfigUITab.h">
      <Filter>Header Files</Filter>
    </ClInclude>
    <ClInclude Include="kogama-tools\UI\Tabs\UI_UITab.h">
      <Filter>Header Files</Filter>
    </ClInclude>
    <ClInclude Include="kogama-tools\UI\Tabs\TabsUI.h">
      <Filter>Header Files</Filter>
    </ClInclude>
    <ClInclude Include="kogama-tools\services\Build\ModelModule\CustomModelScale.h">
      <Filter>Header Files</Filter>
    </ClInclude>
    <ClInclude Include="kogama-tools\services\IO\IFileService.h">
      <Filter>Header Files</Filter>
    </ClInclude>
    <ClInclude Include="kogama-tools\services\IO\WindowsFileService.h">
      <Filter>Header Files</Filter>
    </ClInclude>
    <ClInclude Include="kogama-tools\services\IO\IKoGaMaEnvironment.h">
      <Filter>Header Files</Filter>
    </ClInclude>
    <ClInclude Include="kogama-tools\services\IO\KoGaMaEnvironmentWindows.h">
      <Filter>Header Files</Filter>
    </ClInclude>
    <ClInclude Include="kogama-tools\services\AppBootstrapper.h">
      <Filter>Header Files</Filter>
    </ClInclude>
    <ClInclude Include="kogama-tools\services\Build\AvatarModule\AvatarUtils.h">
      <Filter>Header Files</Filter>
    </ClInclude>
    <ClInclude Include="kogama-tools\services\Build\AvatarModule\AvatarService.h">
      <Filter>Header Files</Filter>
    </ClInclude>
    <ClInclude Include="kogama-tools\services\Build\AvatarModule\AvatarInfo.h">
      <Filter>Header Files</Filter>
    </ClInclude>
    <ClInclude Include="kogama-tools\services\Common\AntiBanService.h">
      <Filter>Header Files</Filter>
    </ClInclude>
  </ItemGroup>
  <ItemGroup>
    <ResourceCompile Include="kogama-tools\Resources\Resource.rc">
      <Filter>Resource Files</Filter>
    </ResourceCompile>
  </ItemGroup>
  <ItemGroup>
    <Image Include="kogama-tools\Resources\img\camera.png">
      <Filter>Resource Files</Filter>
    </Image>
    <Image Include="kogama-tools\Resources\img\user.png">
      <Filter>Resource Files</Filter>
    </Image>
    <Image Include="kogama-tools\Resources\img\eye.png">
      <Filter>Resource Files</Filter>
    </Image>
    <Image Include="kogama-tools\Resources\img\computer.png">
      <Filter>Resource Files</Filter>
    </Image>
    <Image Include="kogama-tools\Resources\img\sunset.png">
      <Filter>Resource Files</Filter>
    </Image>
    <Image Include="kogama-tools\Resources\img\paste.png">
      <Filter>Resource Files</Filter>
    </Image>
    <Image Include="kogama-tools\Resources\img\copy.png">
      <Filter>Resource Files</Filter>
    </Image>
    <Image Include="kogama-tools\Resources\img\settings.png">
      <Filter>Resource Files</Filter>
    </Image>
    <Image Include="kogama-tools\Resources\img\grid.png">
      <Filter>Resource Files</Filter>
    </Image>
    <Image Include="kogama-tools\Resources\img\ruler.png">
      <Filter>Resource Files</Filter>
    </Image>
    <Image Include="kogama-tools\Resources\img\menu-list.png">
      <Filter>Resource Files</Filter>
    </Image>
    <Image Include="kogama-tools\Resources\img\mark.png">
      <Filter>Resource Files</Filter>
    </Image>
    <Image Include="kogama-tools\Resources\img\remove.png">
      <Filter>Resource Files</Filter>
    </Image>
    <Image Include="kogama-tools\Resources\img\color-swatch-theme.png">
      <Filter>Resource Files</Filter>
    </Image>
    <Image Include="kogama-tools\Resources\img\checked.png">
      <Filter>Resource Files</Filter>
    </Image>
    <Image Include="kogama-tools\Resources\img\export.png">
      <Filter>Resource Files</Filter>
    </Image>
    <Image Include="kogama-tools\Resources\img\import.png">
      <Filter>Resource Files</Filter>
    </Image>
  </ItemGroup>
  <ItemGroup>
    <Font Include="kogama-tools\Resources\fonts\Roboto-Thin.ttf" />
    <Font Include="kogama-tools\Resources\fonts\Roboto-Regular.ttf" />
  </ItemGroup>
</Project>